
Microsoft Visual Studio Solution File, Format Version 12.00
# Visual Studio Express 2012 for Web
Project("{FAE04EC0-301F-11D3-BF4B-00C04F79EFBC}") = "BookmarkSharp", "BookmarkSharp\BookmarkSharp.csproj", "{31C59692-5C92-44D9-A33D-1892C2D76949}"
EndProject
Project("{FAE04EC0-301F-11D3-BF4B-00C04F79EFBC}") = "BookmarkSharp.DataAccess", "BookmarkSharp.DataAccess\BookmarkSharp.DataAccess.csproj", "{F179AFAB-C3E7-484B-BA8E-097406137DC2}"
EndProject
Global
	GlobalSection(SolutionConfigurationPlatforms) = preSolution
		Debug|Any CPU = Debug|Any CPU
		Release|Any CPU = Release|Any CPU
	EndGlobalSection
	GlobalSection(ProjectConfigurationPlatforms) = postSolution
		{31C59692-5C92-44D9-A33D-1892C2D76949}.Debug|Any CPU.ActiveCfg = Debug|Any CPU
		{31C59692-5C92-44D9-A33D-1892C2D76949}.Debug|Any CPU.Build.0 = Debug|Any CPU
		{31C59692-5C92-44D9-A33D-1892C2D76949}.Release|Any CPU.ActiveCfg = Release|Any CPU
		{31C59692-5C92-44D9-A33D-1892C2D76949}.Release|Any CPU.Build.0 = Release|Any CPU
		{F179AFAB-C3E7-484B-BA8E-097406137DC2}.Debug|Any CPU.ActiveCfg = Debug|Any CPU
		{F179AFAB-C3E7-484B-BA8E-097406137DC2}.Debug|Any CPU.Build.0 = Debug|Any CPU
		{F179AFAB-C3E7-484B-BA8E-097406137DC2}.Release|Any CPU.ActiveCfg = Release|Any CPU
		{F179AFAB-C3E7-484B-BA8E-097406137DC2}.Release|Any CPU.Build.0 = Release|Any CPU
	EndGlobalSection
	GlobalSection(SolutionProperties) = preSolution
		HideSolutionNode = FALSE
	EndGlobalSection
EndGlobal
