
Microsoft Visual Studio Solution File, Format Version 11.00
# Visual Studio 2010
Project("{FAE04EC0-301F-11D3-BF4B-00C04F79EFBC}") = "SQLiteMonoPlus", "SQLiteMonoPlus\SQLiteMonoPlus.csproj", "{768D7523-8FEB-4293-B88C-FF267363F994}"
EndProject
Project("{FAE04EC0-301F-11D3-BF4B-00C04F79EFBC}") = "SQLiteMonoPlusUI", "SQLiteMonoPlusUI\SQLiteMonoPlusUI.csproj", "{AA0A3E70-0387-440A-AE2D-46E7851B5108}"
EndProject
Project("{FAE04EC0-301F-11D3-BF4B-00C04F79EFBC}") = "libGlobalTools", "libGlobalTools\libGlobalTools.csproj", "{27264AAE-8D10-44DC-AA22-AE63B52151AD}"
EndProject
Global
	GlobalSection(SolutionConfigurationPlatforms) = preSolution
		Debug|Any CPU = Debug|Any CPU
		Release|Any CPU = Release|Any CPU
	EndGlobalSection
	GlobalSection(ProjectConfigurationPlatforms) = postSolution
		{27264AAE-8D10-44DC-AA22-AE63B52151AD}.Debug|Any CPU.ActiveCfg = Debug|Any CPU
		{27264AAE-8D10-44DC-AA22-AE63B52151AD}.Debug|Any CPU.Build.0 = Debug|Any CPU
		{27264AAE-8D10-44DC-AA22-AE63B52151AD}.Release|Any CPU.ActiveCfg = Release|Any CPU
		{27264AAE-8D10-44DC-AA22-AE63B52151AD}.Release|Any CPU.Build.0 = Release|Any CPU
		{768D7523-8FEB-4293-B88C-FF267363F994}.Debug|Any CPU.ActiveCfg = Debug|Any CPU
		{768D7523-8FEB-4293-B88C-FF267363F994}.Debug|Any CPU.Build.0 = Debug|Any CPU
		{768D7523-8FEB-4293-B88C-FF267363F994}.Release|Any CPU.ActiveCfg = Release|Any CPU
		{768D7523-8FEB-4293-B88C-FF267363F994}.Release|Any CPU.Build.0 = Release|Any CPU
		{AA0A3E70-0387-440A-AE2D-46E7851B5108}.Debug|Any CPU.ActiveCfg = Debug|Any CPU
		{AA0A3E70-0387-440A-AE2D-46E7851B5108}.Debug|Any CPU.Build.0 = Debug|Any CPU
		{AA0A3E70-0387-440A-AE2D-46E7851B5108}.Release|Any CPU.ActiveCfg = Release|Any CPU
		{AA0A3E70-0387-440A-AE2D-46E7851B5108}.Release|Any CPU.Build.0 = Release|Any CPU
	EndGlobalSection
	GlobalSection(MonoDevelopProperties) = preSolution
		StartupItem = SQLiteMonoPlusUI\SQLiteMonoPlusUI.csproj
		Policies = $0
		$0.TextStylePolicy = $1
		$1.FileWidth = 120
		$1.TabsToSpaces = False
		$1.inheritsSet = VisualStudio
		$1.inheritsScope = text/plain
		$1.scope = text/x-csharp
		$0.CSharpFormattingPolicy = $2
		$2.IndentSwitchBody = True
		$2.IndentBreakStatements = False
		$2.AlignEmbeddedUsingStatements = False
		$2.AlignEmbeddedIfStatements = False
		$2.AnonymousMethodBraceStyle = NextLine
		$2.PropertyBraceStyle = NextLine
		$2.PropertyGetBraceStyle = NextLine
		$2.PropertySetBraceStyle = NextLine
		$2.EventBraceStyle = NextLine
		$2.EventAddBraceStyle = NextLine
		$2.EventRemoveBraceStyle = NextLine
		$2.StatementBraceStyle = NextLine
		$2.ElseNewLinePlacement = NewLine
		$2.ElseIfNewLinePlacement = NewLine
		$2.CatchNewLinePlacement = NewLine
		$2.FinallyNewLinePlacement = NewLine
		$2.WhileNewLinePlacement = NewLine
		$2.inheritsSet = Mono
		$2.inheritsScope = text/x-csharp
		$2.scope = text/x-csharp
		$0.VersionControlPolicy = $3
		$3.inheritsSet = Mono
		$0.ChangeLogPolicy = $4
		$4.inheritsSet = Mono
		$0.TextStylePolicy = $5
		$5.FileWidth = 120
		$5.TabsToSpaces = False
		$5.inheritsSet = VisualStudio
		$5.inheritsScope = text/plain
		$5.scope = text/plain
	EndGlobalSection
EndGlobal
