
Microsoft Visual Studio Solution File, Format Version 10.00
# Visual Studio 2008
# SharpDevelop 3.1.1.5052
Project("{FAE04EC0-301F-11D3-BF4B-00C04F79EFBC}") = "GUPdotNET_MD5", "GUPdotNET_MD5.csproj", "{21D9D3EB-C822-4DE4-B4DC-C52130FA3046}"
EndProject
Global
	GlobalSection(SolutionConfigurationPlatforms) = preSolution
		Debug|Any CPU = Debug|Any CPU
		Release|Any CPU = Release|Any CPU
		Debug|Any CPU = Debug|Any CPU
		Release|Any CPU = Release|Any CPU
	EndGlobalSection
	GlobalSection(ProjectConfigurationPlatforms) = postSolution
		{21D9D3EB-C822-4DE4-B4DC-C52130FA3046}.Debug|Any CPU.Build.0 = Debug|Any CPU
		{21D9D3EB-C822-4DE4-B4DC-C52130FA3046}.Debug|Any CPU.ActiveCfg = Debug|Any CPU
		{21D9D3EB-C822-4DE4-B4DC-C52130FA3046}.Release|Any CPU.Build.0 = Release|Any CPU
		{21D9D3EB-C822-4DE4-B4DC-C52130FA3046}.Release|Any CPU.ActiveCfg = Release|Any CPU
	EndGlobalSection
EndGlobal
