
Microsoft Visual Studio Solution File, Format Version 10.00
# Visual Studio 2008
# SharpDevelop 3.1.1.5052
Project("{FAE04EC0-301F-11D3-BF4B-00C04F79EFBC}") = "GUPdotNET", "GUPdotNET\GUPdotNET.csproj", "{2552A720-E6E3-4403-8096-A68B7D454EDA}"
EndProject
Project("{FAE04EC0-301F-11D3-BF4B-00C04F79EFBC}") = "GUPdotNET_Testing", "GUPdotNET_TestApp\GUPdotNET_Testing.csproj", "{954A4986-D34B-408D-9F9E-A179B219BD9E}"
EndProject
Project("{FAE04EC0-301F-11D3-BF4B-00C04F79EFBC}") = "GUPdotNET_MD5", "GUPdotNET_MD5\GUPdotNET_MD5.csproj", "{21D9D3EB-C822-4DE4-B4DC-C52130FA3046}"
EndProject
Project("{FAE04EC0-301F-11D3-BF4B-00C04F79EFBC}") = "libGUPdotNET", "libGUPdotNET\libGUPdotNET.csproj", "{4E6905D8-8826-432F-B793-3B9B95CB9F94}"
EndProject
Global
	GlobalSection(SolutionConfigurationPlatforms) = preSolution
		Debug|Any CPU = Debug|Any CPU
		Release|Any CPU = Release|Any CPU
	EndGlobalSection
	GlobalSection(ProjectConfigurationPlatforms) = postSolution
		{2552A720-E6E3-4403-8096-A68B7D454EDA}.Debug|Any CPU.Build.0 = Debug|Any CPU
		{2552A720-E6E3-4403-8096-A68B7D454EDA}.Debug|Any CPU.ActiveCfg = Debug|Any CPU
		{2552A720-E6E3-4403-8096-A68B7D454EDA}.Release|Any CPU.Build.0 = Release|Any CPU
		{2552A720-E6E3-4403-8096-A68B7D454EDA}.Release|Any CPU.ActiveCfg = Release|Any CPU
		{954A4986-D34B-408D-9F9E-A179B219BD9E}.Debug|Any CPU.Build.0 = Debug|Any CPU
		{954A4986-D34B-408D-9F9E-A179B219BD9E}.Debug|Any CPU.ActiveCfg = Debug|Any CPU
		{954A4986-D34B-408D-9F9E-A179B219BD9E}.Release|Any CPU.Build.0 = Release|Any CPU
		{954A4986-D34B-408D-9F9E-A179B219BD9E}.Release|Any CPU.ActiveCfg = Release|Any CPU
		{21D9D3EB-C822-4DE4-B4DC-C52130FA3046}.Debug|Any CPU.Build.0 = Debug|Any CPU
		{21D9D3EB-C822-4DE4-B4DC-C52130FA3046}.Debug|Any CPU.ActiveCfg = Debug|Any CPU
		{21D9D3EB-C822-4DE4-B4DC-C52130FA3046}.Release|Any CPU.Build.0 = Release|Any CPU
		{21D9D3EB-C822-4DE4-B4DC-C52130FA3046}.Release|Any CPU.ActiveCfg = Release|Any CPU
		{4E6905D8-8826-432F-B793-3B9B95CB9F94}.Debug|Any CPU.Build.0 = Debug|x86
		{4E6905D8-8826-432F-B793-3B9B95CB9F94}.Debug|Any CPU.ActiveCfg = Debug|x86
		{4E6905D8-8826-432F-B793-3B9B95CB9F94}.Release|Any CPU.Build.0 = Release|x86
		{4E6905D8-8826-432F-B793-3B9B95CB9F94}.Release|Any CPU.ActiveCfg = Release|x86
	EndGlobalSection
	GlobalSection(MonoDevelopProperties) = preSolution
		StartupItem = GUPdotNET.csproj
	EndGlobalSection
EndGlobal
