
Microsoft Visual Studio Solution File, Format Version 10.00
# Visual Studio 2008
Project("{FAE04EC0-301F-11D3-BF4B-00C04F79EFBC}") = "GUPdotNET", "..\src\GUPdotNET.csproj", "{2552A720-E6E3-4403-8096-A68B7D454EDA}"
EndProject
Project("{FAE04EC0-301F-11D3-BF4B-00C04F79EFBC}") = "GUPdotNET_Testing", "testapp\GUPdotNET_Testing.csproj", "{954A4986-D34B-408D-9F9E-A179B219BD9E}"
EndProject
Project("{FAE04EC0-301F-11D3-BF4B-00C04F79EFBC}") = "GUPdotNET_MD5", "..\src_md5\GUPdotNET_MD5\GUPdotNET_MD5\GUPdotNET_MD5.csproj", "{21D9D3EB-C822-4DE4-B4DC-C52130FA3046}"
EndProject
Global
	GlobalSection(SolutionConfigurationPlatforms) = preSolution
		Debug|Any CPU = Debug|Any CPU
		Release|Any CPU = Release|Any CPU
	EndGlobalSection
	GlobalSection(ProjectConfigurationPlatforms) = postSolution
		{21D9D3EB-C822-4DE4-B4DC-C52130FA3046}.Debug|Any CPU.ActiveCfg = Debug|Any CPU
		{21D9D3EB-C822-4DE4-B4DC-C52130FA3046}.Debug|Any CPU.Build.0 = Debug|Any CPU
		{21D9D3EB-C822-4DE4-B4DC-C52130FA3046}.Release|Any CPU.ActiveCfg = Release|Any CPU
		{21D9D3EB-C822-4DE4-B4DC-C52130FA3046}.Release|Any CPU.Build.0 = Release|Any CPU
		{2552A720-E6E3-4403-8096-A68B7D454EDA}.Debug|Any CPU.ActiveCfg = Debug|Any CPU
		{2552A720-E6E3-4403-8096-A68B7D454EDA}.Debug|Any CPU.Build.0 = Debug|Any CPU
		{2552A720-E6E3-4403-8096-A68B7D454EDA}.Release|Any CPU.ActiveCfg = Release|Any CPU
		{2552A720-E6E3-4403-8096-A68B7D454EDA}.Release|Any CPU.Build.0 = Release|Any CPU
		{954A4986-D34B-408D-9F9E-A179B219BD9E}.Debug|Any CPU.ActiveCfg = Debug|Any CPU
		{954A4986-D34B-408D-9F9E-A179B219BD9E}.Debug|Any CPU.Build.0 = Debug|Any CPU
		{954A4986-D34B-408D-9F9E-A179B219BD9E}.Release|Any CPU.ActiveCfg = Release|Any CPU
		{954A4986-D34B-408D-9F9E-A179B219BD9E}.Release|Any CPU.Build.0 = Release|Any CPU
	EndGlobalSection
	GlobalSection(MonoDevelopProperties) = preSolution
		outputpath = GUPdotNET_Testing\bin\Debug
		StartupItem = ..\src\GUPdotNET.csproj
		Policies = $0
		$0.DotNetNamingPolicy = $1
		$1.DirectoryNamespaceAssociation = None
		$1.ResourceNamePolicy = FileFormatDefault
		$0.StandardHeader = $2
		$2.inheritsSet = MITX11License
	EndGlobalSection
EndGlobal
