
Microsoft Visual Studio Solution File, Format Version 11.00
# Visual Studio 2010
Project("{FAE04EC0-301F-11D3-BF4B-00C04F79EFBC}") = "GUPdotNET", "GUPdotNET.csproj", "{D2BCFD14-16F3-4D33-A3CE-A022D2BA4703}"
EndProject
Global
	GlobalSection(SolutionConfigurationPlatforms) = preSolution
		Debug|x86 = Debug|x86
		Release|x86 = Release|x86
	EndGlobalSection
	GlobalSection(ProjectConfigurationPlatforms) = postSolution
		{D2BCFD14-16F3-4D33-A3CE-A022D2BA4703}.Debug|x86.ActiveCfg = Debug|x86
		{D2BCFD14-16F3-4D33-A3CE-A022D2BA4703}.Debug|x86.Build.0 = Debug|x86
		{D2BCFD14-16F3-4D33-A3CE-A022D2BA4703}.Release|x86.ActiveCfg = Release|x86
		{D2BCFD14-16F3-4D33-A3CE-A022D2BA4703}.Release|x86.Build.0 = Release|x86
	EndGlobalSection
	GlobalSection(MonoDevelopProperties) = preSolution
		StartupItem = GUPdotNET.csproj
		Policies = $0
		$0.DotNetNamingPolicy = $1
		$1.DirectoryNamespaceAssociation = PrefixedHierarchical
		$1.ResourceNamePolicy = MSBuild
		$0.StandardHeader = $2
		$2.Text = @// --------------------------------------------------------------------------------------------------------------------\n// <copyright file="${FileName}" company="${AuthorName}">\n//\n// Copyright (c) ${Year} ${CopyrightHolder}\n//\n// This program is free software: you can redistribute it and/or modify\n// it under the +terms of the GNU General Public License as published by\n// the Free Software Foundation, either version 3 of the License, or\n// (at your option) any later version.\n//\n// This program is distributed in the hope that it will be useful,\n// but WITHOUT ANY WARRANTY; without even the implied warranty of\n// MERCHANTABILITY or FITNESS FOR A PARTICULAR PURPOSE.  See the\n// GNU General Public License for more details.\n//\n// You should have received a copy of the GNU General Public License\n// along with this program.  If not, see http://www.gnu.org/licenses/. \n// </copyright>\n// <summary>\n// Email: ${AuthorEmail}\n// Author: ${AuthorName} \n// </summary>\n// --------------------------------------------------------------------------------------------------------------------
		$2.IncludeInNewFiles = True
		$0.NameConventionPolicy = $3
		$3.Rules = $4
		$4.NamingRule = $5
		$5.Name = Namespaces
		$5.AffectedEntity = Namespace
		$5.VisibilityMask = VisibilityMask
		$5.NamingStyle = PascalCase
		$5.IncludeInstanceMembers = True
		$5.IncludeStaticEntities = True
		$4.NamingRule = $6
		$6.Name = Types
		$6.AffectedEntity = Class, Struct, Enum, Delegate
		$6.VisibilityMask = VisibilityMask
		$6.NamingStyle = PascalCase
		$6.IncludeInstanceMembers = True
		$6.IncludeStaticEntities = True
		$4.NamingRule = $7
		$7.Name = Interfaces
		$7.RequiredPrefixes = $8
		$8.String = I
		$7.AffectedEntity = Interface
		$7.VisibilityMask = VisibilityMask
		$7.NamingStyle = PascalCase
		$7.IncludeInstanceMembers = True
		$7.IncludeStaticEntities = True
		$4.NamingRule = $9
		$9.Name = Attributes
		$9.RequiredSuffixes = $10
		$10.String = Attribute
		$9.AffectedEntity = CustomAttributes
		$9.VisibilityMask = VisibilityMask
		$9.NamingStyle = PascalCase
		$9.IncludeInstanceMembers = True
		$9.IncludeStaticEntities = True
		$4.NamingRule = $11
		$11.Name = Event Arguments
		$11.RequiredSuffixes = $12
		$12.String = EventArgs
		$11.AffectedEntity = CustomEventArgs
		$11.VisibilityMask = VisibilityMask
		$11.NamingStyle = PascalCase
		$11.IncludeInstanceMembers = True
		$11.IncludeStaticEntities = True
		$4.NamingRule = $13
		$13.Name = Exceptions
		$13.RequiredSuffixes = $14
		$14.String = Exception
		$13.AffectedEntity = CustomExceptions
		$13.VisibilityMask = VisibilityMask
		$13.NamingStyle = PascalCase
		$13.IncludeInstanceMembers = True
		$13.IncludeStaticEntities = True
		$4.NamingRule = $15
		$15.Name = Methods
		$15.AffectedEntity = Methods
		$15.VisibilityMask = VisibilityMask
		$15.NamingStyle = PascalCase
		$15.IncludeInstanceMembers = True
		$15.IncludeStaticEntities = True
		$4.NamingRule = $16
		$16.Name = Static Readonly Fields
		$16.AffectedEntity = ReadonlyField
		$16.VisibilityMask = Internal, Protected, Public
		$16.NamingStyle = PascalCase
		$16.IncludeInstanceMembers = False
		$16.IncludeStaticEntities = True
		$4.NamingRule = $17
		$17.Name = Fields (Non Private)
		$17.AffectedEntity = Field
		$17.VisibilityMask = Internal, Protected, Public
		$17.NamingStyle = PascalCase
		$17.IncludeInstanceMembers = True
		$17.IncludeStaticEntities = True
		$4.NamingRule = $18
		$18.Name = ReadOnly Fields (Non Private)
		$18.AffectedEntity = ReadonlyField
		$18.VisibilityMask = Internal, Protected, Public
		$18.NamingStyle = PascalCase
		$18.IncludeInstanceMembers = True
		$18.IncludeStaticEntities = False
		$4.NamingRule = $19
		$19.Name = Fields (Private)
		$19.AffectedEntity = Field, ReadonlyField
		$19.VisibilityMask = Private
		$19.NamingStyle = CamelCase
		$19.IncludeInstanceMembers = True
		$19.IncludeStaticEntities = False
		$4.NamingRule = $20
		$20.Name = Static Fields (Private)
		$20.AffectedEntity = Field
		$20.VisibilityMask = Private
		$20.NamingStyle = CamelCase
		$20.IncludeInstanceMembers = False
		$20.IncludeStaticEntities = True
		$4.NamingRule = $21
		$21.Name = ReadOnly Fields (Private)
		$21.AffectedEntity = ReadonlyField
		$21.VisibilityMask = Private
		$21.NamingStyle = CamelCase
		$21.IncludeInstanceMembers = True
		$21.IncludeStaticEntities = False
		$4.NamingRule = $22
		$22.Name = Constant Fields
		$22.AffectedEntity = ConstantField
		$22.VisibilityMask = VisibilityMask
		$22.NamingStyle = PascalCase
		$22.IncludeInstanceMembers = True
		$22.IncludeStaticEntities = True
		$4.NamingRule = $23
		$23.Name = Properties
		$23.AffectedEntity = Property
		$23.VisibilityMask = VisibilityMask
		$23.NamingStyle = CamelCase
		$23.IncludeInstanceMembers = True
		$23.IncludeStaticEntities = True
		$4.NamingRule = $24
		$24.Name = Events
		$24.AffectedEntity = Event
		$24.VisibilityMask = VisibilityMask
		$24.NamingStyle = PascalCase
		$24.IncludeInstanceMembers = True
		$24.IncludeStaticEntities = True
		$4.NamingRule = $25
		$25.Name = Enum Members
		$25.AffectedEntity = EnumMember
		$25.VisibilityMask = VisibilityMask
		$25.NamingStyle = PascalCase
		$25.IncludeInstanceMembers = True
		$25.IncludeStaticEntities = True
		$4.NamingRule = $26
		$26.Name = Parameters
		$26.AffectedEntity = Parameter
		$26.VisibilityMask = VisibilityMask
		$26.NamingStyle = CamelCase
		$26.IncludeInstanceMembers = True
		$26.IncludeStaticEntities = True
		$4.NamingRule = $27
		$27.Name = Type Parameters
		$27.RequiredPrefixes = $28
		$28.String = T
		$27.AffectedEntity = TypeParameter
		$27.VisibilityMask = VisibilityMask
		$27.NamingStyle = PascalCase
		$27.IncludeInstanceMembers = True
		$27.IncludeStaticEntities = True
		$0.VersionControlPolicy = $29
		$29.inheritsSet = Mono
		$0.TextStylePolicy = $30
		$30.FileWidth = 120
		$30.NoTabsAfterNonTabs = True
		$30.EolMarker = Windows
		$30.inheritsSet = VisualStudio
		$30.inheritsScope = text/plain
		$30.scope = text/x-csharp
		$0.CSharpFormattingPolicy = $31
		$31.IndentSwitchBody = True
		$31.IndentBreakStatements = False
		$31.AlignEmbeddedUsingStatements = False
		$31.AlignEmbeddedIfStatements = False
		$31.AnonymousMethodBraceStyle = NextLine
		$31.PropertyBraceStyle = NextLine
		$31.PropertyGetBraceStyle = NextLine
		$31.PropertySetBraceStyle = NextLine
		$31.EventBraceStyle = NextLine
		$31.EventAddBraceStyle = NextLine
		$31.EventRemoveBraceStyle = NextLine
		$31.StatementBraceStyle = NextLine
		$31.ElseNewLinePlacement = NewLine
		$31.CatchNewLinePlacement = NewLine
		$31.FinallyNewLinePlacement = NewLine
		$31.WhileNewLinePlacement = NewLine
		$31.ArrayInitializerWrapping = DoNotWrap
		$31.BeforeMethodDeclarationParentheses = False
		$31.BeforeMethodCallParentheses = False
		$31.BeforeConstructorDeclarationParentheses = False
		$31.NewParentheses = False
		$31.SpacesBeforeBrackets = False
		$31.MethodCallArgumentWrapping = DoNotWrap
		$31.MethodDeclarationParameterWrapping = DoNotWrap
		$31.IndexerDeclarationParameterWrapping = DoNotWrap
		$31.IndexerArgumentWrapping = DoNotWrap
		$31.inheritsSet = Mono
		$31.inheritsScope = text/x-csharp
		$31.scope = text/x-csharp
		$0.TextStylePolicy = $32
		$32.FileWidth = 120
		$32.TabWidth = 4
		$32.RemoveTrailingWhitespace = False
		$32.inheritsSet = Mono
		$32.inheritsScope = text/plain
		$32.scope = application/xml
		$0.XmlFormattingPolicy = $33
		$33.inheritsSet = Mono
		$33.inheritsScope = application/xml
		$33.scope = application/xml
		$0.TextStylePolicy = $34
		$34.inheritsSet = null
		$34.scope = application/json
		description = A stand alone update program that uses xml configuration to provide updates to applications.
		version = 1.0
	EndGlobalSection
EndGlobal
