
Microsoft Visual Studio Solution File, Format Version 11.00
# Visual Studio 2010
Project("{FAE04EC0-301F-11D3-BF4B-00C04F79EFBC}") = "ThreadingExample", "ThreadingExample\ThreadingExample.csproj", "{452D4D3F-2845-4BB4-8F5A-7B256F724ED6}"
EndProject
Global
	GlobalSection(SolutionConfigurationPlatforms) = preSolution
		Debug|x86 = Debug|x86
		Release|x86 = Release|x86
	EndGlobalSection
	GlobalSection(ProjectConfigurationPlatforms) = postSolution
		{452D4D3F-2845-4BB4-8F5A-7B256F724ED6}.Debug|x86.ActiveCfg = Debug|x86
		{452D4D3F-2845-4BB4-8F5A-7B256F724ED6}.Debug|x86.Build.0 = Debug|x86
		{452D4D3F-2845-4BB4-8F5A-7B256F724ED6}.Release|x86.ActiveCfg = Release|x86
		{452D4D3F-2845-4BB4-8F5A-7B256F724ED6}.Release|x86.Build.0 = Release|x86
	EndGlobalSection
	GlobalSection(SolutionProperties) = preSolution
		HideSolutionNode = FALSE
	EndGlobalSection
EndGlobal
