
Microsoft Visual Studio Solution File, Format Version 12.00
# Visual Studio Express 2012 for Windows Desktop
Project("{FAE04EC0-301F-11D3-BF4B-00C04F79EFBC}") = "BookmarkSharp.Windows", "BookmarkSharp.Windows.csproj", "{9F09063B-4218-46D0-96A7-66F9E300B3A2}"
EndProject
Project("{FAE04EC0-301F-11D3-BF4B-00C04F79EFBC}") = "BookmarkSharp.DataModel", "..\BookmarkSharp.DataModel\BookmarkSharp.DataModel.csproj", "{EF639FDA-8733-4D73-B678-386BE8605281}"
EndProject
Global
	GlobalSection(SolutionConfigurationPlatforms) = preSolution
		Debug|Any CPU = Debug|Any CPU
		Release|Any CPU = Release|Any CPU
	EndGlobalSection
	GlobalSection(ProjectConfigurationPlatforms) = postSolution
		{9F09063B-4218-46D0-96A7-66F9E300B3A2}.Debug|Any CPU.ActiveCfg = Debug|Any CPU
		{9F09063B-4218-46D0-96A7-66F9E300B3A2}.Debug|Any CPU.Build.0 = Debug|Any CPU
		{9F09063B-4218-46D0-96A7-66F9E300B3A2}.Release|Any CPU.ActiveCfg = Release|Any CPU
		{9F09063B-4218-46D0-96A7-66F9E300B3A2}.Release|Any CPU.Build.0 = Release|Any CPU
		{EF639FDA-8733-4D73-B678-386BE8605281}.Debug|Any CPU.ActiveCfg = Debug|Any CPU
		{EF639FDA-8733-4D73-B678-386BE8605281}.Debug|Any CPU.Build.0 = Debug|Any CPU
		{EF639FDA-8733-4D73-B678-386BE8605281}.Release|Any CPU.ActiveCfg = Release|Any CPU
		{EF639FDA-8733-4D73-B678-386BE8605281}.Release|Any CPU.Build.0 = Release|Any CPU
	EndGlobalSection
	GlobalSection(SolutionProperties) = preSolution
		HideSolutionNode = FALSE
	EndGlobalSection
EndGlobal
