
Microsoft Visual Studio Solution File, Format Version 11.00
# Visual Studio 2010
Project("{FAE04EC0-301F-11D3-BF4B-00C04F79EFBC}") = "libMonoTools", "libMonoTools.csproj", "{67459FA6-1F87-429B-BA55-D7EC4E68850B}"
EndProject
Project("{FAE04EC0-301F-11D3-BF4B-00C04F79EFBC}") = "MonoToolsTesting", "..\MonoToolsTesting\MonoToolsTesting.csproj", "{401B6794-B190-4D6D-BAE3-D215862090BE}"
EndProject
Global
	GlobalSection(SolutionConfigurationPlatforms) = preSolution
		Debug|Any CPU = Debug|Any CPU
		Release|Any CPU = Release|Any CPU
	EndGlobalSection
	GlobalSection(ProjectConfigurationPlatforms) = postSolution
		{401B6794-B190-4D6D-BAE3-D215862090BE}.Debug|Any CPU.ActiveCfg = Debug|Any CPU
		{401B6794-B190-4D6D-BAE3-D215862090BE}.Debug|Any CPU.Build.0 = Debug|Any CPU
		{401B6794-B190-4D6D-BAE3-D215862090BE}.Release|Any CPU.ActiveCfg = Release|Any CPU
		{401B6794-B190-4D6D-BAE3-D215862090BE}.Release|Any CPU.Build.0 = Release|Any CPU
		{67459FA6-1F87-429B-BA55-D7EC4E68850B}.Debug|Any CPU.ActiveCfg = Debug|Any CPU
		{67459FA6-1F87-429B-BA55-D7EC4E68850B}.Debug|Any CPU.Build.0 = Debug|Any CPU
		{67459FA6-1F87-429B-BA55-D7EC4E68850B}.Release|Any CPU.ActiveCfg = Release|Any CPU
		{67459FA6-1F87-429B-BA55-D7EC4E68850B}.Release|Any CPU.Build.0 = Release|Any CPU
	EndGlobalSection
	GlobalSection(MonoDevelopProperties) = preSolution
		StartupItem = ..\MonoToolsTesting\MonoToolsTesting.csproj
	EndGlobalSection
EndGlobal
