
Microsoft Visual Studio Solution File, Format Version 10.00
# Visual Studio 2008
Project("{FAE04EC0-301F-11D3-BF4B-00C04F79EFBC}") = "GUPdotNET", "GUPdotNET.csproj", "{2552A720-E6E3-4403-8096-A68B7D454EDA}"
EndProject
Global
	GlobalSection(SolutionConfigurationPlatforms) = preSolution
		Debug|Any CPU = Debug|Any CPU
		Release|Any CPU = Release|Any CPU
	EndGlobalSection
	GlobalSection(ProjectConfigurationPlatforms) = postSolution
		{2552A720-E6E3-4403-8096-A68B7D454EDA}.Debug|Any CPU.ActiveCfg = Debug|Any CPU
		{2552A720-E6E3-4403-8096-A68B7D454EDA}.Debug|Any CPU.Build.0 = Debug|Any CPU
		{2552A720-E6E3-4403-8096-A68B7D454EDA}.Release|Any CPU.ActiveCfg = Release|Any CPU
		{2552A720-E6E3-4403-8096-A68B7D454EDA}.Release|Any CPU.Build.0 = Release|Any CPU
	EndGlobalSection
	GlobalSection(MonoDevelopProperties) = preSolution
		StartupItem = GUPdotNET.csproj
	EndGlobalSection
EndGlobal
